{
  "name": "@agilesyndrome/cf-genai-llm",
  "version": "0.1.8",
  "lockfileVersion": 3,
  "requires": true,
  "packages": {
    "": {
      "name": "@agilesyndrome/cf-genai-llm",
      "version": "0.1.8",
      "license": "MIT",
      "dependencies": {
        "@agilesyndrome/cf-genai-base": "1.0.3"
      }
    },
    "../cf-genai-base": {
      "name": "@agilesyndrome/cf-genai-base",
      "version": "1.0.3",
      "license": "MIT"
    },
    "node_modules/@agilesyndrome/cf-genai-base": {
      "resolved": "../cf-genai-base",
      "link": true
    }
  }
}
