{
  "name": "@agilesyndrome/cf-genai-llm",
  "version": "0.1.10",
  "lockfileVersion": 3,
  "requires": true,
  "packages": {
    "": {
      "name": "@agilesyndrome/cf-genai-llm",
      "version": "0.1.10",
      "license": "MIT",
      "dependencies": {
        "@agilesyndrome/cf-genai-base": "1.0.5"
      }
    },
    "node_modules/@agilesyndrome/cf-genai-base": {
      "version": "1.0.5",
      "resolved": "https://registry.npmjs.org/@agilesyndrome/cf-genai-base/-/cf-genai-base-1.0.5.tgz",
      "integrity": "sha512-TbOjLvAwnh1pOaBD3v3rN9pU4guY/HbtsH457bYHUjuJXIlNw2K5PENY3Y/tIGbilG1qxO+YnK/D/tJ2thRkkw==",
      "license": "MIT"
    }
  }
}
